
Microsoft Visual Studio Solution File, Format Version 12.00
# Visual Studio Version 17
VisualStudioVersion = 17.8.34601.278
MinimumVisualStudioVersion = 10.0.40219.1
Project("{FAE04EC0-301F-11D3-BF4B-00C04F79EFBC}") = "SignPadPicker", "SignPadPicker\SignPadPicker.csproj", "{CE4F451D-09B6-4310-8630-2DC37FF5CBDD}"
EndProject
Project("{FAE04EC0-301F-11D3-BF4B-00C04F79EFBC}") = "SignPadPicker.TestApplication", "SignPadPicker.TestApplication\SignPadPicker.TestApplication.csproj", "{7F7CB2D5-8867-4BC6-8BAF-65E5403AA860}"
	ProjectSection(ProjectDependencies) = postProject
		{A53B9E04-18E5-43E3-A7E9-613E8F68D5BD} = {A53B9E04-18E5-43E3-A7E9-613E8F68D5BD}
		{EF0F6027-8140-413B-8A0A-4DFD937BC4A2} = {EF0F6027-8140-413B-8A0A-4DFD937BC4A2}
		{6E3F2F42-FC0F-4D93-BCAD-919D3CEB55FE} = {6E3F2F42-FC0F-4D93-BCAD-919D3CEB55FE}
		{3CF72B46-36AC-4AE6-90E9-CC998C2C59A1} = {3CF72B46-36AC-4AE6-90E9-CC998C2C59A1}
		{50EC9389-7F3F-43C2-9591-A1CCBDF9BE56} = {50EC9389-7F3F-43C2-9591-A1CCBDF9BE56}
		{40B20995-7687-46BB-8A3B-BA240C062FC6} = {40B20995-7687-46BB-8A3B-BA240C062FC6}
		{9D505797-1FE4-4F1A-AAA8-9848B97DD009} = {9D505797-1FE4-4F1A-AAA8-9848B97DD009}
		{8F9899C1-C7B8-4A07-8D40-21F3F992AACB} = {8F9899C1-C7B8-4A07-8D40-21F3F992AACB}
		{884D83D2-687A-4E8D-9E5B-BA546786547A} = {884D83D2-687A-4E8D-9E5B-BA546786547A}
		{7EE740D3-4E71-4CBD-8580-C2A3DB48236F} = {7EE740D3-4E71-4CBD-8580-C2A3DB48236F}
	EndProjectSection
EndProject
Project("{FAE04EC0-301F-11D3-BF4B-00C04F79EFBC}") = "SignPadPicker.ScreenSignPadAdaptor", "SignPadPicker.ScreenSignPadAdaptor\SignPadPicker.ScreenSignPadAdaptor.csproj", "{50EC9389-7F3F-43C2-9591-A1CCBDF9BE56}"
EndProject
Project("{FAE04EC0-301F-11D3-BF4B-00C04F79EFBC}") = "SignPadPicker.NiceSignPadAdaptor", "SignPadPicker.NiceSignPadAdaptor\SignPadPicker.NiceSignPadAdaptor.csproj", "{7EE740D3-4E71-4CBD-8580-C2A3DB48236F}"
EndProject
Project("{FAE04EC0-301F-11D3-BF4B-00C04F79EFBC}") = "SignPadPicker.KscatSignPadAdaptor", "SignPadPicker.KscatSignPadAdaptor\SignPadPicker.KscatSignPadAdaptor.csproj", "{A53B9E04-18E5-43E3-A7E9-613E8F68D5BD}"
EndProject
Project("{FAE04EC0-301F-11D3-BF4B-00C04F79EFBC}") = "SignPadPicker.MspSignPadAdaptor", "SignPadPicker.MspSignPadAdaptor\SignPadPicker.MspSignPadAdaptor.csproj", "{9D505797-1FE4-4F1A-AAA8-9848B97DD009}"
EndProject
Project("{FAE04EC0-301F-11D3-BF4B-00C04F79EFBC}") = "SignPadPicker.MipSignPadAdaptor", "SignPadPicker.MipSignPadAdaptor\SignPadPicker.MipSignPadAdaptor.csproj", "{6E3F2F42-FC0F-4D93-BCAD-919D3CEB55FE}"
EndProject
Project("{FAE04EC0-301F-11D3-BF4B-00C04F79EFBC}") = "SignPadPicker.EasyCardKSignPadAdaptor", "SignPadPicker.EasyCardKSignPadAdaptor\SignPadPicker.EasyCardKSignPadAdaptor.csproj", "{40B20995-7687-46BB-8A3B-BA240C062FC6}"
EndProject
Project("{FAE04EC0-301F-11D3-BF4B-00C04F79EFBC}") = "SignPadPicker.SmartroSignPadAdaptor", "SignPadPicker.SmartroSignPadAdaptor\SignPadPicker.SmartroSignPadAdaptor.csproj", "{884D83D2-687A-4E8D-9E5B-BA546786547A}"
EndProject
Project("{FAE04EC0-301F-11D3-BF4B-00C04F79EFBC}") = "SignPadPicker.KocesSignPadAdaptor", "SignPadPicker.KocesSignPadAdaptor\SignPadPicker.KocesSignPadAdaptor.csproj", "{3CF72B46-36AC-4AE6-90E9-CC998C2C59A1}"
EndProject
Project("{FAE04EC0-301F-11D3-BF4B-00C04F79EFBC}") = "SignPadPicker.NicePosSignPadAdaptor", "SignPadPicker.NicePosSignPadAdaptor\SignPadPicker.NicePosSignPadAdaptor.csproj", "{EF0F6027-8140-413B-8A0A-4DFD937BC4A2}"
EndProject
Project("{FAE04EC0-301F-11D3-BF4B-00C04F79EFBC}") = "SignPadPicker.KisSignPadAdaptor", "SignPadPicker.KisSignPadAdaptor\SignPadPicker.KisSignPadAdaptor.csproj", "{8F9899C1-C7B8-4A07-8D40-21F3F992AACB}"
EndProject
Project("{FAE04EC0-301F-11D3-BF4B-00C04F79EFBC}") = "SignPadPicker.SCSProSignPadAdaptor", "SignPadPicker.SCSProSignPadAdaptor\SignPadPicker.SCSProSignPadAdaptor.csproj", "{FB878AFC-93AD-4379-AC40-03F07B9BEDD6}"
EndProject
Global
	GlobalSection(SolutionConfigurationPlatforms) = preSolution
		Debug|Any CPU = Debug|Any CPU
		Debug|x86 = Debug|x86
		Release|Any CPU = Release|Any CPU
		Release|x86 = Release|x86
	EndGlobalSection
	GlobalSection(ProjectConfigurationPlatforms) = postSolution
		{CE4F451D-09B6-4310-8630-2DC37FF5CBDD}.Debug|Any CPU.ActiveCfg = Debug|Any CPU
		{CE4F451D-09B6-4310-8630-2DC37FF5CBDD}.Debug|Any CPU.Build.0 = Debug|Any CPU
		{CE4F451D-09B6-4310-8630-2DC37FF5CBDD}.Debug|x86.ActiveCfg = Debug|x86
		{CE4F451D-09B6-4310-8630-2DC37FF5CBDD}.Debug|x86.Build.0 = Debug|x86
		{CE4F451D-09B6-4310-8630-2DC37FF5CBDD}.Release|Any CPU.ActiveCfg = Release|Any CPU
		{CE4F451D-09B6-4310-8630-2DC37FF5CBDD}.Release|Any CPU.Build.0 = Release|Any CPU
		{CE4F451D-09B6-4310-8630-2DC37FF5CBDD}.Release|x86.ActiveCfg = Release|x86
		{CE4F451D-09B6-4310-8630-2DC37FF5CBDD}.Release|x86.Build.0 = Release|x86
		{7F7CB2D5-8867-4BC6-8BAF-65E5403AA860}.Debug|Any CPU.ActiveCfg = Debug|Any CPU
		{7F7CB2D5-8867-4BC6-8BAF-65E5403AA860}.Debug|Any CPU.Build.0 = Debug|Any CPU
		{7F7CB2D5-8867-4BC6-8BAF-65E5403AA860}.Debug|x86.ActiveCfg = Debug|x86
		{7F7CB2D5-8867-4BC6-8BAF-65E5403AA860}.Debug|x86.Build.0 = Debug|x86
		{7F7CB2D5-8867-4BC6-8BAF-65E5403AA860}.Release|Any CPU.ActiveCfg = Release|Any CPU
		{7F7CB2D5-8867-4BC6-8BAF-65E5403AA860}.Release|Any CPU.Build.0 = Release|Any CPU
		{7F7CB2D5-8867-4BC6-8BAF-65E5403AA860}.Release|x86.ActiveCfg = Release|x86
		{7F7CB2D5-8867-4BC6-8BAF-65E5403AA860}.Release|x86.Build.0 = Release|x86
		{50EC9389-7F3F-43C2-9591-A1CCBDF9BE56}.Debug|Any CPU.ActiveCfg = Debug|Any CPU
		{50EC9389-7F3F-43C2-9591-A1CCBDF9BE56}.Debug|Any CPU.Build.0 = Debug|Any CPU
		{50EC9389-7F3F-43C2-9591-A1CCBDF9BE56}.Debug|x86.ActiveCfg = Debug|x86
		{50EC9389-7F3F-43C2-9591-A1CCBDF9BE56}.Debug|x86.Build.0 = Debug|x86
		{50EC9389-7F3F-43C2-9591-A1CCBDF9BE56}.Release|Any CPU.ActiveCfg = Release|Any CPU
		{50EC9389-7F3F-43C2-9591-A1CCBDF9BE56}.Release|Any CPU.Build.0 = Release|Any CPU
		{50EC9389-7F3F-43C2-9591-A1CCBDF9BE56}.Release|x86.ActiveCfg = Release|x86
		{50EC9389-7F3F-43C2-9591-A1CCBDF9BE56}.Release|x86.Build.0 = Release|x86
		{7EE740D3-4E71-4CBD-8580-C2A3DB48236F}.Debug|Any CPU.ActiveCfg = Debug|x86
		{7EE740D3-4E71-4CBD-8580-C2A3DB48236F}.Debug|x86.ActiveCfg = Debug|x86
		{7EE740D3-4E71-4CBD-8580-C2A3DB48236F}.Debug|x86.Build.0 = Debug|x86
		{7EE740D3-4E71-4CBD-8580-C2A3DB48236F}.Release|Any CPU.ActiveCfg = Release|x86
		{7EE740D3-4E71-4CBD-8580-C2A3DB48236F}.Release|x86.ActiveCfg = Release|x86
		{7EE740D3-4E71-4CBD-8580-C2A3DB48236F}.Release|x86.Build.0 = Release|x86
		{A53B9E04-18E5-43E3-A7E9-613E8F68D5BD}.Debug|Any CPU.ActiveCfg = Debug|x86
		{A53B9E04-18E5-43E3-A7E9-613E8F68D5BD}.Debug|x86.ActiveCfg = Debug|x86
		{A53B9E04-18E5-43E3-A7E9-613E8F68D5BD}.Debug|x86.Build.0 = Debug|x86
		{A53B9E04-18E5-43E3-A7E9-613E8F68D5BD}.Release|Any CPU.ActiveCfg = Release|x86
		{A53B9E04-18E5-43E3-A7E9-613E8F68D5BD}.Release|x86.ActiveCfg = Release|x86
		{A53B9E04-18E5-43E3-A7E9-613E8F68D5BD}.Release|x86.Build.0 = Release|x86
		{9D505797-1FE4-4F1A-AAA8-9848B97DD009}.Debug|Any CPU.ActiveCfg = Debug|Any CPU
		{9D505797-1FE4-4F1A-AAA8-9848B97DD009}.Debug|Any CPU.Build.0 = Debug|Any CPU
		{9D505797-1FE4-4F1A-AAA8-9848B97DD009}.Debug|x86.ActiveCfg = Debug|x86
		{9D505797-1FE4-4F1A-AAA8-9848B97DD009}.Debug|x86.Build.0 = Debug|x86
		{9D505797-1FE4-4F1A-AAA8-9848B97DD009}.Release|Any CPU.ActiveCfg = Release|Any CPU
		{9D505797-1FE4-4F1A-AAA8-9848B97DD009}.Release|Any CPU.Build.0 = Release|Any CPU
		{9D505797-1FE4-4F1A-AAA8-9848B97DD009}.Release|x86.ActiveCfg = Release|x86
		{9D505797-1FE4-4F1A-AAA8-9848B97DD009}.Release|x86.Build.0 = Release|x86
		{6E3F2F42-FC0F-4D93-BCAD-919D3CEB55FE}.Debug|Any CPU.ActiveCfg = Debug|Any CPU
		{6E3F2F42-FC0F-4D93-BCAD-919D3CEB55FE}.Debug|Any CPU.Build.0 = Debug|Any CPU
		{6E3F2F42-FC0F-4D93-BCAD-919D3CEB55FE}.Debug|x86.ActiveCfg = Debug|x86
		{6E3F2F42-FC0F-4D93-BCAD-919D3CEB55FE}.Debug|x86.Build.0 = Debug|x86
		{6E3F2F42-FC0F-4D93-BCAD-919D3CEB55FE}.Release|Any CPU.ActiveCfg = Release|Any CPU
		{6E3F2F42-FC0F-4D93-BCAD-919D3CEB55FE}.Release|Any CPU.Build.0 = Release|Any CPU
		{6E3F2F42-FC0F-4D93-BCAD-919D3CEB55FE}.Release|x86.ActiveCfg = Release|x86
		{6E3F2F42-FC0F-4D93-BCAD-919D3CEB55FE}.Release|x86.Build.0 = Release|x86
		{40B20995-7687-46BB-8A3B-BA240C062FC6}.Debug|Any CPU.ActiveCfg = Debug|Any CPU
		{40B20995-7687-46BB-8A3B-BA240C062FC6}.Debug|Any CPU.Build.0 = Debug|Any CPU
		{40B20995-7687-46BB-8A3B-BA240C062FC6}.Debug|x86.ActiveCfg = Debug|x86
		{40B20995-7687-46BB-8A3B-BA240C062FC6}.Debug|x86.Build.0 = Debug|x86
		{40B20995-7687-46BB-8A3B-BA240C062FC6}.Release|Any CPU.ActiveCfg = Release|Any CPU
		{40B20995-7687-46BB-8A3B-BA240C062FC6}.Release|Any CPU.Build.0 = Release|Any CPU
		{40B20995-7687-46BB-8A3B-BA240C062FC6}.Release|x86.ActiveCfg = Release|x86
		{40B20995-7687-46BB-8A3B-BA240C062FC6}.Release|x86.Build.0 = Release|x86
		{884D83D2-687A-4E8D-9E5B-BA546786547A}.Debug|Any CPU.ActiveCfg = Debug|Any CPU
		{884D83D2-687A-4E8D-9E5B-BA546786547A}.Debug|Any CPU.Build.0 = Debug|Any CPU
		{884D83D2-687A-4E8D-9E5B-BA546786547A}.Debug|x86.ActiveCfg = Debug|x86
		{884D83D2-687A-4E8D-9E5B-BA546786547A}.Debug|x86.Build.0 = Debug|x86
		{884D83D2-687A-4E8D-9E5B-BA546786547A}.Release|Any CPU.ActiveCfg = Release|Any CPU
		{884D83D2-687A-4E8D-9E5B-BA546786547A}.Release|Any CPU.Build.0 = Release|Any CPU
		{884D83D2-687A-4E8D-9E5B-BA546786547A}.Release|x86.ActiveCfg = Release|x86
		{884D83D2-687A-4E8D-9E5B-BA546786547A}.Release|x86.Build.0 = Release|x86
		{3CF72B46-36AC-4AE6-90E9-CC998C2C59A1}.Debug|Any CPU.ActiveCfg = Debug|x86
		{3CF72B46-36AC-4AE6-90E9-CC998C2C59A1}.Debug|x86.ActiveCfg = Debug|x86
		{3CF72B46-36AC-4AE6-90E9-CC998C2C59A1}.Debug|x86.Build.0 = Debug|x86
		{3CF72B46-36AC-4AE6-90E9-CC998C2C59A1}.Release|Any CPU.ActiveCfg = Release|x86
		{3CF72B46-36AC-4AE6-90E9-CC998C2C59A1}.Release|x86.ActiveCfg = Release|x86
		{3CF72B46-36AC-4AE6-90E9-CC998C2C59A1}.Release|x86.Build.0 = Release|x86
		{EF0F6027-8140-413B-8A0A-4DFD937BC4A2}.Debug|Any CPU.ActiveCfg = Debug|x86
		{EF0F6027-8140-413B-8A0A-4DFD937BC4A2}.Debug|x86.ActiveCfg = Debug|x86
		{EF0F6027-8140-413B-8A0A-4DFD937BC4A2}.Debug|x86.Build.0 = Debug|x86
		{EF0F6027-8140-413B-8A0A-4DFD937BC4A2}.Release|Any CPU.ActiveCfg = Release|x86
		{EF0F6027-8140-413B-8A0A-4DFD937BC4A2}.Release|x86.ActiveCfg = Release|x86
		{EF0F6027-8140-413B-8A0A-4DFD937BC4A2}.Release|x86.Build.0 = Release|x86
		{8F9899C1-C7B8-4A07-8D40-21F3F992AACB}.Debug|Any CPU.ActiveCfg = Debug|x86
		{8F9899C1-C7B8-4A07-8D40-21F3F992AACB}.Debug|x86.ActiveCfg = Debug|x86
		{8F9899C1-C7B8-4A07-8D40-21F3F992AACB}.Debug|x86.Build.0 = Debug|x86
		{8F9899C1-C7B8-4A07-8D40-21F3F992AACB}.Release|Any CPU.ActiveCfg = Release|x86
		{8F9899C1-C7B8-4A07-8D40-21F3F992AACB}.Release|x86.ActiveCfg = Release|x86
		{8F9899C1-C7B8-4A07-8D40-21F3F992AACB}.Release|x86.Build.0 = Release|x86
		{FB878AFC-93AD-4379-AC40-03F07B9BEDD6}.Debug|Any CPU.ActiveCfg = Debug|Any CPU
		{FB878AFC-93AD-4379-AC40-03F07B9BEDD6}.Debug|Any CPU.Build.0 = Debug|Any CPU
		{FB878AFC-93AD-4379-AC40-03F07B9BEDD6}.Debug|x86.ActiveCfg = Debug|x86
		{FB878AFC-93AD-4379-AC40-03F07B9BEDD6}.Debug|x86.Build.0 = Debug|x86
		{FB878AFC-93AD-4379-AC40-03F07B9BEDD6}.Release|Any CPU.ActiveCfg = Release|Any CPU
		{FB878AFC-93AD-4379-AC40-03F07B9BEDD6}.Release|Any CPU.Build.0 = Release|Any CPU
		{FB878AFC-93AD-4379-AC40-03F07B9BEDD6}.Release|x86.ActiveCfg = Release|x86
		{FB878AFC-93AD-4379-AC40-03F07B9BEDD6}.Release|x86.Build.0 = Release|x86
	EndGlobalSection
	GlobalSection(SolutionProperties) = preSolution
		HideSolutionNode = FALSE
	EndGlobalSection
	GlobalSection(ExtensibilityGlobals) = postSolution
		SolutionGuid = {B462C78D-323B-470D-8891-D09528F489D0}
	EndGlobalSection
EndGlobal
